// !$*UTF8*$!
{
	archiveVersion = 1;
	classes = {
	};
	objectVersion = 46;
	objects = {

/* Begin PBXBuildFile section */
		2DB4106E1E97BB5B00D2A78F /* main.swift in Sources */ = {isa = PBXBuildFile; fileRef = 2DB4106D1E97BB5B00D2A78F /* main.swift */; };
		2DB410901E97BC2600D2A78F /* HueCall.swift in Sources */ = {isa = PBXBuildFile; fileRef = 2DB4108F1E97BC2600D2A78F /* HueCall.swift */; };
		2DB410921E97C28C00D2A78F /* HueAction.swift in Sources */ = {isa = PBXBuildFile; fileRef = 2DB410911E97C28C00D2A78F /* HueAction.swift */; };
/* End PBXBuildFile section */

/* Begin PBXCopyFilesBuildPhase section */
		2DB410681E97BB5B00D2A78F /* CopyFiles */ = {
			isa = PBXCopyFilesBuildPhase;
			buildActionMask = 2147483647;
			dstPath = /usr/share/man/man1/;
			dstSubfolderSpec = 0;
			files = (
			);
			runOnlyForDeploymentPostprocessing = 1;
		};
/* End PBXCopyFilesBuildPhase section */

/* Begin PBXFileReference section */
		2DB4106A1E97BB5B00D2A78F /* HueCommandLine */ = {isa = PBXFileReference; explicitFileType = "compiled.mach-o.executable"; includeInIndex = 0; path = HueCommandLine; sourceTree = BUILT_PRODUCTS_DIR; };
		2DB4106D1E97BB5B00D2A78F /* main.swift */ = {isa = PBXFileReference; lastKnownFileType = sourcecode.swift; path = main.swift; sourceTree = "<group>"; };
		2DB4108F1E97BC2600D2A78F /* HueCall.swift */ = {isa = PBXFileReference; fileEncoding = 4; lastKnownFileType = sourcecode.swift; path = HueCall.swift; sourceTree = "<group>"; };
		2DB410911E97C28C00D2A78F /* HueAction.swift */ = {isa = PBXFileReference; fileEncoding = 4; lastKnownFileType = sourcecode.swift; path = HueAction.swift; sourceTree = "<group>"; };
		2DB410931E97DF7800D2A78F /* settings.plist */ = {isa = PBXFileReference; fileEncoding = 4; lastKnownFileType = text.plist.xml; path = settings.plist; sourceTree = "<group>"; };
/* End PBXFileReference section */

/* Begin PBXFrameworksBuildPhase section */
		2DB410671E97BB5B00D2A78F /* Frameworks */ = {
			isa = PBXFrameworksBuildPhase;
			buildActionMask = 2147483647;
			files = (
			);
			runOnlyForDeploymentPostprocessing = 0;
		};
/* End PBXFrameworksBuildPhase section */

/* Begin PBXGroup section */
		2DB410611E97BB5B00D2A78F = {
			isa = PBXGroup;
			children = (
				2DB410931E97DF7800D2A78F /* settings.plist */,
				2DB4106C1E97BB5B00D2A78F /* HueCommandLine */,
				2DB4106B1E97BB5B00D2A78F /* Products */,
			);
			sourceTree = "<group>";
		};
		2DB4106B1E97BB5B00D2A78F /* Products */ = {
			isa = PBXGroup;
			children = (
				2DB4106A1E97BB5B00D2A78F /* HueCommandLine */,
			);
			name = Products;
			sourceTree = "<group>";
		};
		2DB4106C1E97BB5B00D2A78F /* HueCommandLine */ = {
			isa = PBXGroup;
			children = (
				2DB4106D1E97BB5B00D2A78F /* main.swift */,
				2DB4108F1E97BC2600D2A78F /* HueCall.swift */,
				2DB410911E97C28C00D2A78F /* HueAction.swift */,
			);
			path = HueCommandLine;
			sourceTree = "<group>";
		};
/* End PBXGroup section */

/* Begin PBXNativeTarget section */
		2DB410691E97BB5B00D2A78F /* HueCommandLine */ = {
			isa = PBXNativeTarget;
			buildConfigurationList = 2DB410711E97BB5B00D2A78F /* Build configuration list for PBXNativeTarget "HueCommandLine" */;
			buildPhases = (
				2DB410661E97BB5B00D2A78F /* Sources */,
				2DB410671E97BB5B00D2A78F /* Frameworks */,
				2DB410681E97BB5B00D2A78F /* CopyFiles */,
			);
			buildRules = (
			);
			dependencies = (
			);
			name = HueCommandLine;
			productName = HueCommandLine;
			productReference = 2DB4106A1E97BB5B00D2A78F /* HueCommandLine */;
			productType = "com.apple.product-type.tool";
		};
/* End PBXNativeTarget section */

/* Begin PBXProject section */
		2DB410621E97BB5B00D2A78F /* Project object */ = {
			isa = PBXProject;
			attributes = {
				LastSwiftUpdateCheck = 0830;
				LastUpgradeCheck = 0830;
				ORGANIZATIONNAME = "Marc Jordant";
				TargetAttributes = {
					2DB410691E97BB5B00D2A78F = {
						CreatedOnToolsVersion = 8.3;
						ProvisioningStyle = Automatic;
					};
				};
			};
			buildConfigurationList = 2DB410651E97BB5B00D2A78F /* Build configuration list for PBXProject "HueCommandLine" */;
			compatibilityVersion = "Xcode 3.2";
			developmentRegion = English;
			hasScannedForEncodings = 0;
			knownRegions = (
				en,
			);
			mainGroup = 2DB410611E97BB5B00D2A78F;
			productRefGroup = 2DB4106B1E97BB5B00D2A78F /* Products */;
			projectDirPath = "";
			projectRoot = "";
			targets = (
				2DB410691E97BB5B00D2A78F /* HueCommandLine */,
			);
		};
/* End PBXProject section */

/* Begin PBXSourcesBuildPhase section */
		2DB410661E97BB5B00D2A78F /* Sources */ = {
			isa = PBXSourcesBuildPhase;
			buildActionMask = 2147483647;
			files = (
				2DB4106E1E97BB5B00D2A78F /* main.swift in Sources */,
				2DB410901E97BC2600D2A78F /* HueCall.swift in Sources */,
				2DB410921E97C28C00D2A78F /* HueAction.swift in Sources */,
			);
			runOnlyForDeploymentPostprocessing = 0;
		};
/* End PBXSourcesBuildPhase section */

/* Begin XCBuildConfiguration section */
		2DB4106F1E97BB5B00D2A78F /* Debug */ = {
			isa = XCBuildConfiguration;
			buildSettings = {
				ALWAYS_SEARCH_USER_PATHS = NO;
				CLANG_ANALYZER_NONNULL = YES;
				CLANG_ANALYZER_NUMBER_OBJECT_CONVERSION = YES_AGGRESSIVE;
				CLANG_CXX_LANGUAGE_STANDARD = "gnu++0x";
				CLANG_CXX_LIBRARY = "libc++";
				CLANG_ENABLE_MODULES = YES;
				CLANG_ENABLE_OBJC_ARC = YES;
				CLANG_WARN_BOOL_CONVERSION = YES;
				CLANG_WARN_CONSTANT_CONVERSION = YES;
				CLANG_WARN_DIRECT_OBJC_ISA_USAGE = YES_ERROR;
				CLANG_WARN_DOCUMENTATION_COMMENTS = YES;
				CLANG_WARN_EMPTY_BODY = YES;
				CLANG_WARN_ENUM_CONVERSION = YES;
				CLANG_WARN_INFINITE_RECURSION = YES;
				CLANG_WARN_INT_CONVERSION = YES;
				CLANG_WARN_OBJC_ROOT_CLASS = YES_ERROR;
				CLANG_WARN_SUSPICIOUS_MOVE = YES;
				CLANG_WARN_UNREACHABLE_CODE = YES;
				CLANG_WARN__DUPLICATE_METHOD_MATCH = YES;
				CODE_SIGN_IDENTITY = "-";
				COPY_PHASE_STRIP = NO;
				DEBUG_INFORMATION_FORMAT = dwarf;
				ENABLE_STRICT_OBJC_MSGSEND = YES;
				ENABLE_TESTABILITY = YES;
				GCC_C_LANGUAGE_STANDARD = gnu99;
				GCC_DYNAMIC_NO_PIC = NO;
				GCC_NO_COMMON_BLOCKS = YES;
				GCC_OPTIMIZATION_LEVEL = 0;
				GCC_PREPROCESSOR_DEFINITIONS = (
					"DEBUG=1",
					"$(inherited)",
				);
				GCC_WARN_64_TO_32_BIT_CONVERSION = YES;
				GCC_WARN_ABOUT_RETURN_TYPE = YES_ERROR;
				GCC_WARN_UNDECLARED_SELECTOR = YES;
				GCC_WARN_UNINITIALIZED_AUTOS = YES_AGGRESSIVE;
				GCC_WARN_UNUSED_FUNCTION = YES;
				GCC_WARN_UNUSED_VARIABLE = YES;
				MACOSX_DEPLOYMENT_TARGET = 10.12;
				MTL_ENABLE_DEBUG_INFO = YES;
				ONLY_ACTIVE_ARCH = YES;
				SDKROOT = macosx;
				SWIFT_OPTIMIZATION_LEVEL = "-Onone";
			};
			name = Debug;
		};
		2DB410701E97BB5B00D2A78F /* Release */ = {
			isa = XCBuildConfiguration;
			buildSettings = {
				ALWAYS_SEARCH_USER_PATHS = NO;
				CLANG_ANALYZER_NONNULL = YES;
				CLANG_ANALYZER_NUMBER_OBJECT_CONVERSION = YES_AGGRESSIVE;
				CLANG_CXX_LANGUAGE_STANDARD = "gnu++0x";
				CLANG_CXX_LIBRARY = "libc++";
				CLANG_ENABLE_MODULES = YES;
				CLANG_ENABLE_OBJC_ARC = YES;
				CLANG_WARN_BOOL_CONVERSION = YES;
				CLANG_WARN_CONSTANT_CONVERSION = YES;
				CLANG_WARN_DIRECT_OBJC_ISA_USAGE = YES_ERROR;
				CLANG_WARN_DOCUMENTATION_COMMENTS = YES;
				CLANG_WARN_EMPTY_BODY = YES;
				CLANG_WARN_ENUM_CONVERSION = YES;
				CLANG_WARN_INFINITE_RECURSION = YES;
				CLANG_WARN_INT_CONVERSION = YES;
				CLANG_WARN_OBJC_ROOT_CLASS = YES_ERROR;
				CLANG_WARN_SUSPICIOUS_MOVE = YES;
				CLANG_WARN_UNREACHABLE_CODE = YES;
				CLANG_WARN__DUPLICATE_METHOD_MATCH = YES;
				CODE_SIGN_IDENTITY = "-";
				COPY_PHASE_STRIP = NO;
				DEBUG_INFORMATION_FORMAT = "dwarf-with-dsym";
				ENABLE_NS_ASSERTIONS = NO;
				ENABLE_STRICT_OBJC_MSGSEND = YES;
				GCC_C_LANGUAGE_STANDARD = gnu99;
				GCC_NO_COMMON_BLOCKS = YES;
				GCC_WARN_64_TO_32_BIT_CONVERSION = YES;
				GCC_WARN_ABOUT_RETURN_TYPE = YES_ERROR;
				GCC_WARN_UNDECLARED_SELECTOR = YES;
				GCC_WARN_UNINITIALIZED_AUTOS = YES_AGGRESSIVE;
				GCC_WARN_UNUSED_FUNCTION = YES;
				GCC_WARN_UNUSED_VARIABLE = YES;
				MACOSX_DEPLOYMENT_TARGET = 10.12;
				MTL_ENABLE_DEBUG_INFO = NO;
				SDKROOT = macosx;
			};
			name = Release;
		};
		2DB410721E97BB5B00D2A78F /* Debug */ = {
			isa = XCBuildConfiguration;
			buildSettings = {
				PRODUCT_NAME = "$(TARGET_NAME)";
				SWIFT_VERSION = 3.0;
			};
			name = Debug;
		};
		2DB410731E97BB5B00D2A78F /* Release */ = {
			isa = XCBuildConfiguration;
			buildSettings = {
				PRODUCT_NAME = "$(TARGET_NAME)";
				SWIFT_VERSION = 3.0;
			};
			name = Release;
		};
/* End XCBuildConfiguration section */

/* Begin XCConfigurationList section */
		2DB410651E97BB5B00D2A78F /* Build configuration list for PBXProject "HueCommandLine" */ = {
			isa = XCConfigurationList;
			buildConfigurations = (
				2DB4106F1E97BB5B00D2A78F /* Debug */,
				2DB410701E97BB5B00D2A78F /* Release */,
			);
			defaultConfigurationIsVisible = 0;
			defaultConfigurationName = Release;
		};
		2DB410711E97BB5B00D2A78F /* Build configuration list for PBXNativeTarget "HueCommandLine" */ = {
			isa = XCConfigurationList;
			buildConfigurations = (
				2DB410721E97BB5B00D2A78F /* Debug */,
				2DB410731E97BB5B00D2A78F /* Release */,
			);
			defaultConfigurationIsVisible = 0;
			defaultConfigurationName = Release;
		};
/* End XCConfigurationList section */
	};
	rootObject = 2DB410621E97BB5B00D2A78F /* Project object */;
}
